schema: '2.0'
stages:
  process:
    cmd: uv run python main.py run.step=process
    deps:
    - path: Data/Raw/POS_CASH_balance.csv
      hash: md5
      md5: cb8e5cc3885d1e53753955ffde317b44
      size: 392703158
    - path: Data/Raw/application_test.csv
      hash: md5
      md5: 42c2c6b7683003bae1b99c469f79497f
      size: 26567651
    - path: Data/Raw/application_train.csv
      hash: md5
      md5: 793a017f41fbac1dc28176b26dbab30e
      size: 166133370
    - path: Data/Raw/bureau.csv
      hash: md5
      md5: ec0f59a16e7071de66b83217b23bb390
      size: 170016717
    - path: Data/Raw/bureau_balance.csv
      hash: md5
      md5: 5e815ea6eb338752724bcf46da13c602
      size: 375592889
    - path: Data/Raw/credit_card_balance.csv
      hash: md5
      md5: ff83bfc2285d218802c6dff749bc5efc
      size: 424582605
    - path: Data/Raw/installments_payments.csv
      hash: md5
      md5: 4e9751972d02c376f0e75edbf6c9d07d
      size: 723118349
    - path: Data/Raw/previous_application.csv
      hash: md5
      md5: bd1eb5f08a4700414db1742e5cc0f9fa
      size: 404973293
    - path: main.py
      hash: md5
      md5: b90840494f9673b9b8bc17e9029e0b39
      size: 1734
    - path: src/common
      hash: md5
      md5: b5d68cfda09949c8d5da752488397987.dir
      size: 6581
      nfiles: 7
    - path: src/data_processing
      hash: md5
      md5: 89bddddf7c755a0fbe2a6421baeb6a3f.dir
      size: 63575
      nfiles: 8
    params:
      conf/config.yaml:
        data.csv:
          infer_schema_length: 10000
          null_values:
          - ''
          - NA
          - NaN
          - nan
          - 'NULL'
          ignore_errors: false
        data.final:
          train: Data/final/final_train.csv
          test: Data/final/final_test.csv
          feature_manifest: Data/final/feature_manifest.yaml
          validation_report: Data/final/validation_report.yaml
        data.raw:
          application_train: Data/Raw/application_train.csv
          application_test: Data/Raw/application_test.csv
          bureau: Data/Raw/bureau.csv
          bureau_balance: Data/Raw/bureau_balance.csv
          previous_application: Data/Raw/previous_application.csv
          pos_cash_balance: Data/Raw/POS_CASH_balance.csv
          installments_payments: Data/Raw/installments_payments.csv
          credit_card_balance: Data/Raw/credit_card_balance.csv
        globals:
          random_state: 42
          division_epsilon: 1e-09
        pipeline:
          high_null_threshold: 0.6
          correlation_threshold: 0.99
          variance_threshold: 0.995
          warn_on_stale_submission: true
          fill_values:
            aux_missing: 0
            generated_missing: 0
            test_missing_column: 0
          categorical_encoding:
            binary_strategy: ordinal
            binary_values:
            - 0
            - 1
            unknown_value: -1
            one_hot_drop_first: false
            null_category_label: __NULL__
            frequency_unknown_value: 1
            frequency_normalize: false
          anomaly_fix:
            days_employed: 365243
          feature_engineering:
            enabled_sets:
            - application_extended
            - bureau_extended
            - previous_interest
            - last_n_aggregations
            - recency_windows
            - pos_cash_cleanup
            - missing_indicators
        training.id_col: SK_ID_CURR
        training.target_col: TARGET
    outs:
    - path: Data/final
      hash: md5
      md5: 841a6c5599b0cba3fd3b77a839c98f67.dir
      size: 1029786270
      nfiles: 4
  train:
    cmd: uv run python main.py run.step=train training.experiment.name=dvc_train
      training.experiment.overwrite_existing=true tracking.mlflow.enabled=true
    deps:
    - path: Data/final
      hash: md5
      md5: 841a6c5599b0cba3fd3b77a839c98f67.dir
      size: 1029786270
      nfiles: 4
    - path: main.py
      hash: md5
      md5: b90840494f9673b9b8bc17e9029e0b39
      size: 1734
    - path: src/common
      hash: md5
      md5: b5d68cfda09949c8d5da752488397987.dir
      size: 6581
      nfiles: 7
    - path: src/model_training
      hash: md5
      md5: e5d60fdf6baf690610ada720117702a4.dir
      size: 52622
      nfiles: 9
    params:
      conf/config.yaml:
        data.final:
          train: Data/final/final_train.csv
          test: Data/final/final_test.csv
          feature_manifest: Data/final/feature_manifest.yaml
          validation_report: Data/final/validation_report.yaml
        globals:
          random_state: 42
          division_epsilon: 1e-09
        tracking:
          mlflow:
            enabled: true
            tracking_uri: 
              ${oc.env:MLFLOW_TRACKING_URI,https://dagshub.com/mahmoudelmalah85/Home-Credit-Default-Risk-ML.mlflow}
            experiment_name: home-credit-default-risk-ml
            log_artifacts: true
            log_model_artifacts: true
            registry:
              enabled: true
              registered_model_name: home-credit-default-risk
              alias: champion
              min_roc_auc: 0.785
              required: false
        training:
          target_col: TARGET
          id_col: SK_ID_CURR
          cv_splits: 5
          optuna_n_trials: 5
          optuna_subsample_rate: 0.15
          run_full_oof_validation: true
          accelerator: gpu
          phases:
            search: true
            validate: true
            final_fit: true
          artifact_reuse:
            allow_stale_artifacts: false
          experiment:
            name:
            folder_template: '{timestamp}_{primary_model}'
            overwrite_existing: false
          threshold_tuning:
            enabled: true
            objective: f1
            grid:
              min: 0.01
              max: 0.99
              step: 0.01
          optimization_metric: roc_auc
          cv_shuffle: true
          classification_threshold: 0.5
          optuna_direction: maximize
          artifact_paths:
            models_dir: Models
          preprocessing:
            scaler: robust
            imbalance:
              strategy: class_weight
              sampler_params: {}
            feature_selection:
              method: lgbm
              max_features: 150
              threshold: -inf
              enabled_during_search: false
              selector_params:
                n_estimators: 200
                verbose: -1
            feature_pruning:
              enabled: false
              source: feature_importance
              min_importance: 0.0
              keep_top_n:
              always_keep: []
          models:
            primary: catboost
            candidates:
            - name: catboost
              params:
                iterations: 1000
                learning_rate: 0.05
                depth: 6
                early_stopping_rounds: 50
                eval_fraction: 0.1
                allow_writing_files: false
                bootstrap_type: Bernoulli
                rsm: 0.8
              search_space:
                model__iterations:
                  type: int
                  low: 500
                  high: 2000
                model__learning_rate:
                  type: float
                  low: 0.01
                  high: 0.1
                  log: true
                model__depth:
                  type: int
                  low: 4
                  high: 10
                model__l2_leaf_reg:
                  type: float
                  low: 0.5
                  high: 20
            - name: lightgbm
              params:
                n_estimators: 1000
                learning_rate: 0.05
                max_depth: 6
                early_stopping_rounds: 50
                eval_fraction: 0.1
                force_col_wise: true
                num_threads: -1
              search_space:
                model__num_leaves:
                  type: int
                  low: 20
                  high: 128
                model__max_depth:
                  type: int
                  low: 4
                  high: 12
                model__learning_rate:
                  type: float
                  low: 0.01
                  high: 0.1
                  log: true
                model__n_estimators:
                  type: int
                  low: 500
                  high: 2000
            - name: xgboost
              params:
                n_estimators: 1000
                learning_rate: 0.05
                max_depth: 6
                early_stopping_rounds: 50
                eval_fraction: 0.1
                n_jobs: -1
              search_space:
                model__n_estimators:
                  type: int
                  low: 500
                  high: 2000
                model__learning_rate:
                  type: float
                  low: 0.01
                  high: 0.1
                  log: true
                model__max_depth:
                  type: int
                  low: 4
                  high: 10
                model__gamma:
                  type: float
                  low: 0
                  high: 10
                model__reg_alpha:
                  type: float
                  low: 0
                  high: 10
    outs:
    - path: Models/dvc_train/best_params.yaml
      hash: md5
      md5: aa46d6deb7b3059cf7004fa856579c6f
      size: 93
    - path: Models/dvc_train/config_snapshot.yaml
      hash: md5
      md5: c970a470e3d1543963db05d3569bab4a
      size: 5641
    - path: Models/dvc_train/final_model.pkl
      hash: md5
      md5: bfd5b2b42875466bc9708b079a848f7c
      size: 698584
    - path: Models/dvc_train/plots/confusion_matrix.png
      hash: md5
      md5: b1df811080e9840874aabc535d557da6
      size: 23318
    - path: Models/dvc_train/plots/feature_importance_top.png
      hash: md5
      md5: f103940855b0f6922589d30e01f34102
      size: 160533
    - path: Models/dvc_train/plots/roc_curve.png
      hash: md5
      md5: cff8b7a9354c22a41c1aa6758cfc48b5
      size: 32728
    - path: Models/dvc_train/reports/evaluation_report.txt
      hash: md5
      md5: bc8858953a2ddc0e09429e5a7d7149e9
      size: 753
    - path: Models/dvc_train/reports/feature_importance.csv
      hash: md5
      md5: 32b15f4a2ecce85fa8e453ebf1dce1d4
      size: 6858
    - path: Models/dvc_train/reports/metrics.yaml
      hash: md5
      md5: 0d332a96ee878f612db8f6b94d534b37
      size: 399
    - path: Models/dvc_train/reports/threshold_table.csv
      hash: md5
      md5: f9eb6853694ec22c526ff30b9de033db
      size: 8114
    - path: Models/dvc_train/submission.csv
      hash: md5
      md5: 5c16fdfdb5d49ed5c460485fc8df8f2e
      size: 1285961
    - path: Models/dvc_train/threshold.yaml
      hash: md5
      md5: 6e3a0f19729987e90f4705a85d841853
      size: 76
    - path: Models/dvc_train/training_preprocessor.pkl
      hash: md5
      md5: ced1dc477b32eb4a61b6b80ca6de22fb
      size: 854546
    - path: Models/dvc_train/training_run_metadata.yaml
      hash: md5
      md5: 22d2fa99acc232308b706af3004f3965
      size: 1057
  download:
    cmd: uv run python main.py run.step=download
    deps:
    - path: main.py
      hash: md5
      md5: b90840494f9673b9b8bc17e9029e0b39
      size: 1734
    - path: src/download_data.py
      hash: md5
      md5: 05ff2161f2ea3432d7e3b2a349627493
      size: 4427
    params:
      conf/config.yaml:
        data.raw:
          application_train: Data/Raw/application_train.csv
          application_test: Data/Raw/application_test.csv
          bureau: Data/Raw/bureau.csv
          bureau_balance: Data/Raw/bureau_balance.csv
          previous_application: Data/Raw/previous_application.csv
          pos_cash_balance: Data/Raw/POS_CASH_balance.csv
          installments_payments: Data/Raw/installments_payments.csv
          credit_card_balance: Data/Raw/credit_card_balance.csv
    outs:
    - path: Data/Raw
      hash: md5
      md5: be145c3854454ad97fd16454f9aed966.dir
      size: 2684261617
      nfiles: 10
